
Microsoft Visual Studio Solution File, Format Version 12.00
# Visual Studio Version 16
VisualStudioVersion = 16.0.31729.503
MinimumVisualStudioVersion = 10.0.40219.1
Project("{FAE04EC0-301F-11D3-BF4B-00C04F79EFBC}") = "CART", "CART\CART.csproj", "{5164CBD7-17AF-4946-981A-79BCBAE4D46F}"
EndProject
Global
	GlobalSection(SolutionConfigurationPlatforms) = preSolution
		Debug|Any CPU = Debug|Any CPU
		Release|Any CPU = Release|Any CPU
	EndGlobalSection
	GlobalSection(ProjectConfigurationPlatforms) = postSolution
		{5164CBD7-17AF-4946-981A-79BCBAE4D46F}.Debug|Any CPU.ActiveCfg = Debug|Any CPU
		{5164CBD7-17AF-4946-981A-79BCBAE4D46F}.Debug|Any CPU.Build.0 = Debug|Any CPU
		{5164CBD7-17AF-4946-981A-79BCBAE4D46F}.Release|Any CPU.ActiveCfg = Release|Any CPU
		{5164CBD7-17AF-4946-981A-79BCBAE4D46F}.Release|Any CPU.Build.0 = Release|Any CPU
	EndGlobalSection
	GlobalSection(SolutionProperties) = preSolution
		HideSolutionNode = FALSE
	EndGlobalSection
	GlobalSection(ExtensibilityGlobals) = postSolution
		SolutionGuid = {6E7A7A7F-70E3-4238-8B71-6B8D670D47A5}
	EndGlobalSection
EndGlobal
